
Microsoft Visual Studio Solution File, Format Version 12.00
Project("{FAE04EC0-301F-11D3-BF4B-00C04F79EFBC}") = "PhotoHUB", "PhotoHUB\PhotoHUB.csproj", "{52FEA09B-6A27-4320-8F17-DB6E51FF1728}"
EndProject
Global
	GlobalSection(SolutionConfigurationPlatforms) = preSolution
		Debug|Any CPU = Debug|Any CPU
		Release|Any CPU = Release|Any CPU
	EndGlobalSection
	GlobalSection(ProjectConfigurationPlatforms) = postSolution
		{52FEA09B-6A27-4320-8F17-DB6E51FF1728}.Debug|Any CPU.ActiveCfg = Debug|Any CPU
		{52FEA09B-6A27-4320-8F17-DB6E51FF1728}.Debug|Any CPU.Build.0 = Debug|Any CPU
		{52FEA09B-6A27-4320-8F17-DB6E51FF1728}.Release|Any CPU.ActiveCfg = Release|Any CPU
		{52FEA09B-6A27-4320-8F17-DB6E51FF1728}.Release|Any CPU.Build.0 = Release|Any CPU
	EndGlobalSection
EndGlobal
